
Microsoft Visual Studio Solution File, Format Version 12.00
# Visual Studio 15
VisualStudioVersion = 15.0.28307.329
MinimumVisualStudioVersion = 10.0.40219.1
Project("{FAE04EC0-301F-11D3-BF4B-00C04F79EFBC}") = "Task4", "Task4\Task4.csproj", "{780DBA52-58F9-4A55-A274-DAFDBF4C6A44}"
EndProject
Global
	GlobalSection(SolutionConfigurationPlatforms) = preSolution
		Debug|Any CPU = Debug|Any CPU
		Release|Any CPU = Release|Any CPU
	EndGlobalSection
	GlobalSection(ProjectConfigurationPlatforms) = postSolution
		{780DBA52-58F9-4A55-A274-DAFDBF4C6A44}.Debug|Any CPU.ActiveCfg = Debug|Any CPU
		{780DBA52-58F9-4A55-A274-DAFDBF4C6A44}.Debug|Any CPU.Build.0 = Debug|Any CPU
		{780DBA52-58F9-4A55-A274-DAFDBF4C6A44}.Release|Any CPU.ActiveCfg = Release|Any CPU
		{780DBA52-58F9-4A55-A274-DAFDBF4C6A44}.Release|Any CPU.Build.0 = Release|Any CPU
	EndGlobalSection
	GlobalSection(SolutionProperties) = preSolution
		HideSolutionNode = FALSE
	EndGlobalSection
	GlobalSection(ExtensibilityGlobals) = postSolution
		SolutionGuid = {00902955-D991-48A8-AC5D-553C1C6023B8}
	EndGlobalSection
EndGlobal
